// !$*UTF8*$!
{
	archiveVersion = 1;
	classes = {
	};
	objectVersion = 51;
	objects = {

/* Begin PBXBuildFile section */
		2E1680C226CAAD5400BF8DC4 /* OrdersListController.swift in Sources */ = {isa = PBXBuildFile; fileRef = 2E1680C126CAAD5400BF8DC4 /* OrdersListController.swift */; };
		2E2E3F4D26C901E1001858DB /* UIViewExtensions.swift in Sources */ = {isa = PBXBuildFile; fileRef = 2E2E3F4C26C901E1001858DB /* UIViewExtensions.swift */; };
		2E2E3F5526C905EF001858DB /* OnboardingCollectionViewCell.swift in Sources */ = {isa = PBXBuildFile; fileRef = 2E2E3F5426C905EF001858DB /* OnboardingCollectionViewCell.swift */; };
		2E2E3F5B26C91C9E001858DB /* HomeController.swift in Sources */ = {isa = PBXBuildFile; fileRef = 2E2E3F5A26C91C9E001858DB /* HomeController.swift */; };
		2E75257E26C8FC770013F6A9 /* OnboardingController.swift in Sources */ = {isa = PBXBuildFile; fileRef = 2E75257D26C8FC770013F6A9 /* OnboardingController.swift */; };
		2E8F400026C2D5A500EB7007 /* AppDelegate.swift in Sources */ = {isa = PBXBuildFile; fileRef = 2E8F3FFF26C2D5A500EB7007 /* AppDelegate.swift */; };
		2E8F400226C2D5A500EB7007 /* SceneDelegate.swift in Sources */ = {isa = PBXBuildFile; fileRef = 2E8F400126C2D5A500EB7007 /* SceneDelegate.swift */; };
		2E8F400726C2D5A500EB7007 /* Main.storyboard in Resources */ = {isa = PBXBuildFile; fileRef = 2E8F400526C2D5A500EB7007 /* Main.storyboard */; };
		2E8F400926C2D5A800EB7007 /* Assets.xcassets in Resources */ = {isa = PBXBuildFile; fileRef = 2E8F400826C2D5A800EB7007 /* Assets.xcassets */; };
		2E8F400C26C2D5A800EB7007 /* LaunchScreen.storyboard in Resources */ = {isa = PBXBuildFile; fileRef = 2E8F400A26C2D5A800EB7007 /* LaunchScreen.storyboard */; };
		2E9ACA4226D19DAB007BBE31 /* NetworkError.swift in Sources */ = {isa = PBXBuildFile; fileRef = 2E9ACA4126D19DAB007BBE31 /* NetworkError.swift */; };
		2E9ACA4526D3DCC2007BBE31 /* APIResponse.swift in Sources */ = {isa = PBXBuildFile; fileRef = 2E9ACA4426D3DCC2007BBE31 /* APIResponse.swift */; };
		2E9ACA4A26D3E094007BBE31 /* OnboardingSlideModel.swift in Sources */ = {isa = PBXBuildFile; fileRef = 2E9ACA4926D3E094007BBE31 /* OnboardingSlideModel.swift */; };
		2EA14E5926D0552B006406FD /* OrderModel.swift in Sources */ = {isa = PBXBuildFile; fileRef = 2EA14E5826D0552B006406FD /* OrderModel.swift */; };
		2EA14E5E26D11EC3006406FD /* NetworkManager.swift in Sources */ = {isa = PBXBuildFile; fileRef = 2EA14E5D26D11EC3006406FD /* NetworkManager.swift */; };
		2EA14E6226D14AAC006406FD /* Route.swift in Sources */ = {isa = PBXBuildFile; fileRef = 2EA14E6126D14AAC006406FD /* Route.swift */; };
		2EA14E6526D14ABC006406FD /* Method.swift in Sources */ = {isa = PBXBuildFile; fileRef = 2EA14E6426D14ABC006406FD /* Method.swift */; };
		2EEC891526C9B0E20037C58D /* DishesListTableViewCell.swift in Sources */ = {isa = PBXBuildFile; fileRef = 2EEC891326C9B0E20037C58D /* DishesListTableViewCell.swift */; };
		2EEC891626C9B0E20037C58D /* DishesListTableViewCell.xib in Resources */ = {isa = PBXBuildFile; fileRef = 2EEC891426C9B0E20037C58D /* DishesListTableViewCell.xib */; };
		2EEC891926C9B5F60037C58D /* DishesListController.swift in Sources */ = {isa = PBXBuildFile; fileRef = 2EEC891826C9B5F60037C58D /* DishesListController.swift */; };
		2EF7077726C926AC00BA563B /* CategoriesCollectionViewCell.swift in Sources */ = {isa = PBXBuildFile; fileRef = 2EF7077526C926AC00BA563B /* CategoriesCollectionViewCell.swift */; };
		2EF7077826C926AC00BA563B /* CategoriesCollectionViewCell.xib in Resources */ = {isa = PBXBuildFile; fileRef = 2EF7077626C926AC00BA563B /* CategoriesCollectionViewCell.xib */; };
		2EF7077B26C9285500BA563B /* DishCategory.swift in Sources */ = {isa = PBXBuildFile; fileRef = 2EF7077A26C9285500BA563B /* DishCategory.swift */; };
		2EF7078726C92EC200BA563B /* StringExtensions.swift in Sources */ = {isa = PBXBuildFile; fileRef = 2EF7078626C92EC200BA563B /* StringExtensions.swift */; };
		2EF7078B26C9306000BA563B /* Constants.swift in Sources */ = {isa = PBXBuildFile; fileRef = 2EF7078A26C9306000BA563B /* Constants.swift */; };
		2EF7079026C93E8600BA563B /* CardView.swift in Sources */ = {isa = PBXBuildFile; fileRef = 2EF7078F26C93E8600BA563B /* CardView.swift */; };
		2EF7079526C94A6700BA563B /* DishesCollectionViewCell.swift in Sources */ = {isa = PBXBuildFile; fileRef = 2EF7079326C94A6700BA563B /* DishesCollectionViewCell.swift */; };
		2EF7079626C94A6700BA563B /* DishesCollectionViewCell.xib in Resources */ = {isa = PBXBuildFile; fileRef = 2EF7079426C94A6700BA563B /* DishesCollectionViewCell.xib */; };
		2EF7079926C94D2F00BA563B /* Dish.swift in Sources */ = {isa = PBXBuildFile; fileRef = 2EF7079826C94D2F00BA563B /* Dish.swift */; };
		2EF7079E26C963FB00BA563B /* SpecialsCollectionViewCell.swift in Sources */ = {isa = PBXBuildFile; fileRef = 2EF7079C26C963FB00BA563B /* SpecialsCollectionViewCell.swift */; };
		2EF7079F26C963FB00BA563B /* SpecialsCollectionViewCell.xib in Resources */ = {isa = PBXBuildFile; fileRef = 2EF7079D26C963FB00BA563B /* SpecialsCollectionViewCell.xib */; };
		2EF707B226C97BED00BA563B /* DishDetailsController.swift in Sources */ = {isa = PBXBuildFile; fileRef = 2EF707B126C97BED00BA563B /* DishDetailsController.swift */; };
		2EF707B526C97E3100BA563B /* UIViewControllerExtensions.swift in Sources */ = {isa = PBXBuildFile; fileRef = 2EF707B426C97E3100BA563B /* UIViewControllerExtensions.swift */; };
		2EFB59F62775F72400DB4465 /* ApiResponse.swift in Sources */ = {isa = PBXBuildFile; fileRef = 2EFB59F52775F72400DB4465 /* ApiResponse.swift */; };
		2EFB59F82776329600DB4465 /* AllDishes.swift in Sources */ = {isa = PBXBuildFile; fileRef = 2EFB59F72776329600DB4465 /* AllDishes.swift */; };
		5C6C3E1CFA675057AAD1D4A0 /* Pods_Yummie.framework in Frameworks */ = {isa = PBXBuildFile; fileRef = 540461BBDE042D708BD7369E /* Pods_Yummie.framework */; };
/* End PBXBuildFile section */

/* Begin PBXFileReference section */
		192235B228A09A5A73EDC2CC /* Pods-Yummie.release.xcconfig */ = {isa = PBXFileReference; includeInIndex = 1; lastKnownFileType = text.xcconfig; name = "Pods-Yummie.release.xcconfig"; path = "Target Support Files/Pods-Yummie/Pods-Yummie.release.xcconfig"; sourceTree = "<group>"; };
		2E1680C126CAAD5400BF8DC4 /* OrdersListController.swift */ = {isa = PBXFileReference; lastKnownFileType = sourcecode.swift; path = OrdersListController.swift; sourceTree = "<group>"; };
		2E2E3F4C26C901E1001858DB /* UIViewExtensions.swift */ = {isa = PBXFileReference; lastKnownFileType = sourcecode.swift; path = UIViewExtensions.swift; sourceTree = "<group>"; };
		2E2E3F5426C905EF001858DB /* OnboardingCollectionViewCell.swift */ = {isa = PBXFileReference; lastKnownFileType = sourcecode.swift; path = OnboardingCollectionViewCell.swift; sourceTree = "<group>"; };
		2E2E3F5A26C91C9E001858DB /* HomeController.swift */ = {isa = PBXFileReference; lastKnownFileType = sourcecode.swift; path = HomeController.swift; sourceTree = "<group>"; };
		2E75257D26C8FC770013F6A9 /* OnboardingController.swift */ = {isa = PBXFileReference; lastKnownFileType = sourcecode.swift; path = OnboardingController.swift; sourceTree = "<group>"; };
		2E8F3FFC26C2D5A500EB7007 /* Yummie.app */ = {isa = PBXFileReference; explicitFileType = wrapper.application; includeInIndex = 0; path = Yummie.app; sourceTree = BUILT_PRODUCTS_DIR; };
		2E8F3FFF26C2D5A500EB7007 /* AppDelegate.swift */ = {isa = PBXFileReference; lastKnownFileType = sourcecode.swift; path = AppDelegate.swift; sourceTree = "<group>"; };
		2E8F400126C2D5A500EB7007 /* SceneDelegate.swift */ = {isa = PBXFileReference; lastKnownFileType = sourcecode.swift; path = SceneDelegate.swift; sourceTree = "<group>"; };
		2E8F400626C2D5A500EB7007 /* Base */ = {isa = PBXFileReference; lastKnownFileType = file.storyboard; name = Base; path = Base.lproj/Main.storyboard; sourceTree = "<group>"; };
		2E8F400826C2D5A800EB7007 /* Assets.xcassets */ = {isa = PBXFileReference; lastKnownFileType = folder.assetcatalog; path = Assets.xcassets; sourceTree = "<group>"; };
		2E8F400B26C2D5A800EB7007 /* Base */ = {isa = PBXFileReference; lastKnownFileType = file.storyboard; name = Base; path = Base.lproj/LaunchScreen.storyboard; sourceTree = "<group>"; };
		2E8F400D26C2D5A800EB7007 /* Info.plist */ = {isa = PBXFileReference; lastKnownFileType = text.plist.xml; path = Info.plist; sourceTree = "<group>"; };
		2E9ACA4126D19DAB007BBE31 /* NetworkError.swift */ = {isa = PBXFileReference; lastKnownFileType = sourcecode.swift; path = NetworkError.swift; sourceTree = "<group>"; };
		2E9ACA4426D3DCC2007BBE31 /* APIResponse.swift */ = {isa = PBXFileReference; lastKnownFileType = sourcecode.swift; path = APIResponse.swift; sourceTree = "<group>"; };
		2E9ACA4926D3E094007BBE31 /* OnboardingSlideModel.swift */ = {isa = PBXFileReference; lastKnownFileType = sourcecode.swift; path = OnboardingSlideModel.swift; sourceTree = "<group>"; };
		2EA14E5826D0552B006406FD /* OrderModel.swift */ = {isa = PBXFileReference; lastKnownFileType = sourcecode.swift; path = OrderModel.swift; sourceTree = "<group>"; };
		2EA14E5D26D11EC3006406FD /* NetworkManager.swift */ = {isa = PBXFileReference; lastKnownFileType = sourcecode.swift; path = NetworkManager.swift; sourceTree = "<group>"; };
		2EA14E6126D14AAC006406FD /* Route.swift */ = {isa = PBXFileReference; lastKnownFileType = sourcecode.swift; path = Route.swift; sourceTree = "<group>"; };
		2EA14E6426D14ABC006406FD /* Method.swift */ = {isa = PBXFileReference; lastKnownFileType = sourcecode.swift; path = Method.swift; sourceTree = "<group>"; };
		2EEC891326C9B0E20037C58D /* DishesListTableViewCell.swift */ = {isa = PBXFileReference; lastKnownFileType = sourcecode.swift; path = DishesListTableViewCell.swift; sourceTree = "<group>"; };
		2EEC891426C9B0E20037C58D /* DishesListTableViewCell.xib */ = {isa = PBXFileReference; lastKnownFileType = file.xib; path = DishesListTableViewCell.xib; sourceTree = "<group>"; };
		2EEC891826C9B5F60037C58D /* DishesListController.swift */ = {isa = PBXFileReference; lastKnownFileType = sourcecode.swift; path = DishesListController.swift; sourceTree = "<group>"; };
		2EF7077526C926AC00BA563B /* CategoriesCollectionViewCell.swift */ = {isa = PBXFileReference; lastKnownFileType = sourcecode.swift; path = CategoriesCollectionViewCell.swift; sourceTree = "<group>"; };
		2EF7077626C926AC00BA563B /* CategoriesCollectionViewCell.xib */ = {isa = PBXFileReference; lastKnownFileType = file.xib; path = CategoriesCollectionViewCell.xib; sourceTree = "<group>"; };
		2EF7077A26C9285500BA563B /* DishCategory.swift */ = {isa = PBXFileReference; lastKnownFileType = sourcecode.swift; path = DishCategory.swift; sourceTree = "<group>"; };
		2EF7078626C92EC200BA563B /* StringExtensions.swift */ = {isa = PBXFileReference; lastKnownFileType = sourcecode.swift; path = StringExtensions.swift; sourceTree = "<group>"; };
		2EF7078A26C9306000BA563B /* Constants.swift */ = {isa = PBXFileReference; lastKnownFileType = sourcecode.swift; path = Constants.swift; sourceTree = "<group>"; };
		2EF7078F26C93E8600BA563B /* CardView.swift */ = {isa = PBXFileReference; lastKnownFileType = sourcecode.swift; path = CardView.swift; sourceTree = "<group>"; };
		2EF7079326C94A6700BA563B /* DishesCollectionViewCell.swift */ = {isa = PBXFileReference; lastKnownFileType = sourcecode.swift; path = DishesCollectionViewCell.swift; sourceTree = "<group>"; };
		2EF7079426C94A6700BA563B /* DishesCollectionViewCell.xib */ = {isa = PBXFileReference; lastKnownFileType = file.xib; path = DishesCollectionViewCell.xib; sourceTree = "<group>"; };
		2EF7079826C94D2F00BA563B /* Dish.swift */ = {isa = PBXFileReference; lastKnownFileType = sourcecode.swift; path = Dish.swift; sourceTree = "<group>"; };
		2EF7079C26C963FB00BA563B /* SpecialsCollectionViewCell.swift */ = {isa = PBXFileReference; lastKnownFileType = sourcecode.swift; path = SpecialsCollectionViewCell.swift; sourceTree = "<group>"; };
		2EF7079D26C963FB00BA563B /* SpecialsCollectionViewCell.xib */ = {isa = PBXFileReference; lastKnownFileType = file.xib; path = SpecialsCollectionViewCell.xib; sourceTree = "<group>"; };
		2EF707B126C97BED00BA563B /* DishDetailsController.swift */ = {isa = PBXFileReference; lastKnownFileType = sourcecode.swift; path = DishDetailsController.swift; sourceTree = "<group>"; };
		2EF707B426C97E3100BA563B /* UIViewControllerExtensions.swift */ = {isa = PBXFileReference; lastKnownFileType = sourcecode.swift; path = UIViewControllerExtensions.swift; sourceTree = "<group>"; };
		2EFB59F52775F72400DB4465 /* ApiResponse.swift */ = {isa = PBXFileReference; lastKnownFileType = sourcecode.swift; path = ApiResponse.swift; sourceTree = "<group>"; };
		2EFB59F72776329600DB4465 /* AllDishes.swift */ = {isa = PBXFileReference; lastKnownFileType = sourcecode.swift; path = AllDishes.swift; sourceTree = "<group>"; };
		540461BBDE042D708BD7369E /* Pods_Yummie.framework */ = {isa = PBXFileReference; explicitFileType = wrapper.framework; includeInIndex = 0; path = Pods_Yummie.framework; sourceTree = BUILT_PRODUCTS_DIR; };
		DF6EEB00FD0CFB08CDFC7F22 /* Pods-Yummie.debug.xcconfig */ = {isa = PBXFileReference; includeInIndex = 1; lastKnownFileType = text.xcconfig; name = "Pods-Yummie.debug.xcconfig"; path = "Target Support Files/Pods-Yummie/Pods-Yummie.debug.xcconfig"; sourceTree = "<group>"; };
/* End PBXFileReference section */

/* Begin PBXFrameworksBuildPhase section */
		2E8F3FF926C2D5A500EB7007 /* Frameworks */ = {
			isa = PBXFrameworksBuildPhase;
			buildActionMask = 2147483647;
			files = (
				5C6C3E1CFA675057AAD1D4A0 /* Pods_Yummie.framework in Frameworks */,
			);
			runOnlyForDeploymentPostprocessing = 0;
		};
/* End PBXFrameworksBuildPhase section */

/* Begin PBXGroup section */
		2E2E3F4B26C901C4001858DB /* Extensions */ = {
			isa = PBXGroup;
			children = (
				2E2E3F4C26C901E1001858DB /* UIViewExtensions.swift */,
				2EF7078626C92EC200BA563B /* StringExtensions.swift */,
				2EF707B426C97E3100BA563B /* UIViewControllerExtensions.swift */,
			);
			path = Extensions;
			sourceTree = "<group>";
		};
		2E2E3F5D26C92392001858DB /* CollectionViewCells */ = {
			isa = PBXGroup;
			children = (
				2E2E3F6226C923D9001858DB /* Home */,
				2E2E3F6126C923D1001858DB /* Onboarding */,
			);
			path = CollectionViewCells;
			sourceTree = "<group>";
		};
		2E2E3F6126C923D1001858DB /* Onboarding */ = {
			isa = PBXGroup;
			children = (
				2E2E3F5426C905EF001858DB /* OnboardingCollectionViewCell.swift */,
			);
			path = Onboarding;
			sourceTree = "<group>";
		};
		2E2E3F6226C923D9001858DB /* Home */ = {
			isa = PBXGroup;
			children = (
				2EF7078226C92D0700BA563B /* FoodCategories */,
				2EF7079226C94A3900BA563B /* PopularDishes */,
				2EF7079B26C9637D00BA563B /* ChefSpecials */,
			);
			path = Home;
			sourceTree = "<group>";
		};
		2E2E3F6326C9240A001858DB /* AppFiles */ = {
			isa = PBXGroup;
			children = (
				2E8F3FFF26C2D5A500EB7007 /* AppDelegate.swift */,
				2E8F400126C2D5A500EB7007 /* SceneDelegate.swift */,
				2E8F400826C2D5A800EB7007 /* Assets.xcassets */,
				2E8F400D26C2D5A800EB7007 /* Info.plist */,
			);
			name = AppFiles;
			sourceTree = "<group>";
		};
		2E2E3F6426C9242E001858DB /* Storyboards */ = {
			isa = PBXGroup;
			children = (
				2E8F400526C2D5A500EB7007 /* Main.storyboard */,
				2E8F400A26C2D5A800EB7007 /* LaunchScreen.storyboard */,
			);
			path = Storyboards;
			sourceTree = "<group>";
		};
		2E75257926C8F8900013F6A9 /* Models */ = {
			isa = PBXGroup;
			children = (
				2E9ACA4726D3DCD3007BBE31 /* Onboarding */,
				2E9ACA5226D3E2F6007BBE31 /* Core */,
				2E9ACA5126D3E2E1007BBE31 /* API */,
			);
			path = Models;
			sourceTree = "<group>";
		};
		2E75257A26C8F8970013F6A9 /* Controllers */ = {
			isa = PBXGroup;
			children = (
				2EF707AF26C9768F00BA563B /* Core */,
				2E75257C26C8F9400013F6A9 /* Onboarding */,
			);
			path = Controllers;
			sourceTree = "<group>";
		};
		2E75257B26C8F9270013F6A9 /* Views */ = {
			isa = PBXGroup;
			children = (
				2EEC891126C9B0710037C58D /* TableViewCells */,
				2EF7078E26C93E6A00BA563B /* CustomViews */,
				2E2E3F6426C9242E001858DB /* Storyboards */,
				2E2E3F5D26C92392001858DB /* CollectionViewCells */,
			);
			path = Views;
			sourceTree = "<group>";
		};
		2E75257C26C8F9400013F6A9 /* Onboarding */ = {
			isa = PBXGroup;
			children = (
				2E75257D26C8FC770013F6A9 /* OnboardingController.swift */,
			);
			path = Onboarding;
			sourceTree = "<group>";
		};
		2E8F3FF326C2D5A500EB7007 = {
			isa = PBXGroup;
			children = (
				2E8F3FFE26C2D5A500EB7007 /* Yummie */,
				2E8F3FFD26C2D5A500EB7007 /* Products */,
				6A355E9E235516358C18BB5D /* Pods */,
				B7125DE269EF5064A4B20CEB /* Frameworks */,
			);
			sourceTree = "<group>";
		};
		2E8F3FFD26C2D5A500EB7007 /* Products */ = {
			isa = PBXGroup;
			children = (
				2E8F3FFC26C2D5A500EB7007 /* Yummie.app */,
			);
			name = Products;
			sourceTree = "<group>";
		};
		2E8F3FFE26C2D5A500EB7007 /* Yummie */ = {
			isa = PBXGroup;
			children = (
				2EA14E5B26D10C4D006406FD /* Managers */,
				2EF7078926C9305200BA563B /* Utilities */,
				2E2E3F4B26C901C4001858DB /* Extensions */,
				2E75257B26C8F9270013F6A9 /* Views */,
				2E75257A26C8F8970013F6A9 /* Controllers */,
				2E75257926C8F8900013F6A9 /* Models */,
				2E2E3F6326C9240A001858DB /* AppFiles */,
			);
			path = Yummie;
			sourceTree = "<group>";
		};
		2E9ACA4726D3DCD3007BBE31 /* Onboarding */ = {
			isa = PBXGroup;
			children = (
				2E9ACA4926D3E094007BBE31 /* OnboardingSlideModel.swift */,
			);
			path = Onboarding;
			sourceTree = "<group>";
		};
		2E9ACA5126D3E2E1007BBE31 /* API */ = {
			isa = PBXGroup;
			children = (
				2E9ACA4426D3DCC2007BBE31 /* APIResponse.swift */,
			);
			path = API;
			sourceTree = "<group>";
		};
		2E9ACA5226D3E2F6007BBE31 /* Core */ = {
			isa = PBXGroup;
			children = (
				2EF7077A26C9285500BA563B /* DishCategory.swift */,
				2EF7079826C94D2F00BA563B /* Dish.swift */,
				2EA14E5826D0552B006406FD /* OrderModel.swift */,
				2EFB59F72776329600DB4465 /* AllDishes.swift */,
			);
			path = Core;
			sourceTree = "<group>";
		};
		2EA14E5B26D10C4D006406FD /* Managers */ = {
			isa = PBXGroup;
			children = (
				2EA14E5C26D10C5F006406FD /* Network Manager */,
			);
			path = Managers;
			sourceTree = "<group>";
		};
		2EA14E5C26D10C5F006406FD /* Network Manager */ = {
			isa = PBXGroup;
			children = (
				2EA14E5D26D11EC3006406FD /* NetworkManager.swift */,
				2EA14E6126D14AAC006406FD /* Route.swift */,
				2EA14E6426D14ABC006406FD /* Method.swift */,
				2E9ACA4126D19DAB007BBE31 /* NetworkError.swift */,
				2EFB59F52775F72400DB4465 /* ApiResponse.swift */,
			);
			path = "Network Manager";
			sourceTree = "<group>";
		};
		2EEC891126C9B0710037C58D /* TableViewCells */ = {
			isa = PBXGroup;
			children = (
				2EEC891226C9B0910037C58D /* DishList */,
			);
			path = TableViewCells;
			sourceTree = "<group>";
		};
		2EEC891226C9B0910037C58D /* DishList */ = {
			isa = PBXGroup;
			children = (
				2EEC891326C9B0E20037C58D /* DishesListTableViewCell.swift */,
				2EEC891426C9B0E20037C58D /* DishesListTableViewCell.xib */,
			);
			path = DishList;
			sourceTree = "<group>";
		};
		2EF7078226C92D0700BA563B /* FoodCategories */ = {
			isa = PBXGroup;
			children = (
				2EF7077526C926AC00BA563B /* CategoriesCollectionViewCell.swift */,
				2EF7077626C926AC00BA563B /* CategoriesCollectionViewCell.xib */,
			);
			path = FoodCategories;
			sourceTree = "<group>";
		};
		2EF7078926C9305200BA563B /* Utilities */ = {
			isa = PBXGroup;
			children = (
				2EF7078A26C9306000BA563B /* Constants.swift */,
			);
			path = Utilities;
			sourceTree = "<group>";
		};
		2EF7078E26C93E6A00BA563B /* CustomViews */ = {
			isa = PBXGroup;
			children = (
				2EF7078F26C93E8600BA563B /* CardView.swift */,
			);
			path = CustomViews;
			sourceTree = "<group>";
		};
		2EF7079226C94A3900BA563B /* PopularDishes */ = {
			isa = PBXGroup;
			children = (
				2EF7079326C94A6700BA563B /* DishesCollectionViewCell.swift */,
				2EF7079426C94A6700BA563B /* DishesCollectionViewCell.xib */,
			);
			path = PopularDishes;
			sourceTree = "<group>";
		};
		2EF7079B26C9637D00BA563B /* ChefSpecials */ = {
			isa = PBXGroup;
			children = (
				2EF7079C26C963FB00BA563B /* SpecialsCollectionViewCell.swift */,
				2EF7079D26C963FB00BA563B /* SpecialsCollectionViewCell.xib */,
			);
			path = ChefSpecials;
			sourceTree = "<group>";
		};
		2EF707AF26C9768F00BA563B /* Core */ = {
			isa = PBXGroup;
			children = (
				2E2E3F5A26C91C9E001858DB /* HomeController.swift */,
				2EF707B126C97BED00BA563B /* DishDetailsController.swift */,
				2EEC891826C9B5F60037C58D /* DishesListController.swift */,
				2E1680C126CAAD5400BF8DC4 /* OrdersListController.swift */,
			);
			path = Core;
			sourceTree = "<group>";
		};
		6A355E9E235516358C18BB5D /* Pods */ = {
			isa = PBXGroup;
			children = (
				DF6EEB00FD0CFB08CDFC7F22 /* Pods-Yummie.debug.xcconfig */,
				192235B228A09A5A73EDC2CC /* Pods-Yummie.release.xcconfig */,
			);
			path = Pods;
			sourceTree = "<group>";
		};
		B7125DE269EF5064A4B20CEB /* Frameworks */ = {
			isa = PBXGroup;
			children = (
				540461BBDE042D708BD7369E /* Pods_Yummie.framework */,
			);
			name = Frameworks;
			sourceTree = "<group>";
		};
/* End PBXGroup section */

/* Begin PBXNativeTarget section */
		2E8F3FFB26C2D5A500EB7007 /* Yummie */ = {
			isa = PBXNativeTarget;
			buildConfigurationList = 2E8F401026C2D5A800EB7007 /* Build configuration list for PBXNativeTarget "Yummie" */;
			buildPhases = (
				59F98AAB163B2A3544909D00 /* [CP] Check Pods Manifest.lock */,
				2E8F3FF826C2D5A500EB7007 /* Sources */,
				2E8F3FF926C2D5A500EB7007 /* Frameworks */,
				2E8F3FFA26C2D5A500EB7007 /* Resources */,
				3D23C6C055C3A76DD3A1C085 /* [CP] Embed Pods Frameworks */,
			);
			buildRules = (
			);
			dependencies = (
			);
			name = Yummie;
			productName = Yummie;
			productReference = 2E8F3FFC26C2D5A500EB7007 /* Yummie.app */;
			productType = "com.apple.product-type.application";
		};
/* End PBXNativeTarget section */

/* Begin PBXProject section */
		2E8F3FF426C2D5A500EB7007 /* Project object */ = {
			isa = PBXProject;
			attributes = {
				LastSwiftUpdateCheck = 1220;
				LastUpgradeCheck = 1220;
				TargetAttributes = {
					2E8F3FFB26C2D5A500EB7007 = {
						CreatedOnToolsVersion = 12.2;
					};
				};
			};
			buildConfigurationList = 2E8F3FF726C2D5A500EB7007 /* Build configuration list for PBXProject "Yummie" */;
			compatibilityVersion = "Xcode 9.3";
			developmentRegion = en;
			hasScannedForEncodings = 0;
			knownRegions = (
				en,
				Base,
			);
			mainGroup = 2E8F3FF326C2D5A500EB7007;
			productRefGroup = 2E8F3FFD26C2D5A500EB7007 /* Products */;
			projectDirPath = "";
			projectRoot = "";
			targets = (
				2E8F3FFB26C2D5A500EB7007 /* Yummie */,
			);
		};
/* End PBXProject section */

/* Begin PBXResourcesBuildPhase section */
		2E8F3FFA26C2D5A500EB7007 /* Resources */ = {
			isa = PBXResourcesBuildPhase;
			buildActionMask = 2147483647;
			files = (
				2EF7077826C926AC00BA563B /* CategoriesCollectionViewCell.xib in Resources */,
				2EEC891626C9B0E20037C58D /* DishesListTableViewCell.xib in Resources */,
				2E8F400C26C2D5A800EB7007 /* LaunchScreen.storyboard in Resources */,
				2EF7079F26C963FB00BA563B /* SpecialsCollectionViewCell.xib in Resources */,
				2E8F400926C2D5A800EB7007 /* Assets.xcassets in Resources */,
				2E8F400726C2D5A500EB7007 /* Main.storyboard in Resources */,
				2EF7079626C94A6700BA563B /* DishesCollectionViewCell.xib in Resources */,
			);
			runOnlyForDeploymentPostprocessing = 0;
		};
/* End PBXResourcesBuildPhase section */

/* Begin PBXShellScriptBuildPhase section */
		3D23C6C055C3A76DD3A1C085 /* [CP] Embed Pods Frameworks */ = {
			isa = PBXShellScriptBuildPhase;
			buildActionMask = 2147483647;
			files = (
			);
			inputFileListPaths = (
				"${PODS_ROOT}/Target Support Files/Pods-Yummie/Pods-Yummie-frameworks-${CONFIGURATION}-input-files.xcfilelist",
			);
			name = "[CP] Embed Pods Frameworks";
			outputFileListPaths = (
				"${PODS_ROOT}/Target Support Files/Pods-Yummie/Pods-Yummie-frameworks-${CONFIGURATION}-output-files.xcfilelist",
			);
			runOnlyForDeploymentPostprocessing = 0;
			shellPath = /bin/sh;
			shellScript = "\"${PODS_ROOT}/Target Support Files/Pods-Yummie/Pods-Yummie-frameworks.sh\"\n";
			showEnvVarsInLog = 0;
		};
		59F98AAB163B2A3544909D00 /* [CP] Check Pods Manifest.lock */ = {
			isa = PBXShellScriptBuildPhase;
			buildActionMask = 2147483647;
			files = (
			);
			inputFileListPaths = (
			);
			inputPaths = (
				"${PODS_PODFILE_DIR_PATH}/Podfile.lock",
				"${PODS_ROOT}/Manifest.lock",
			);
			name = "[CP] Check Pods Manifest.lock";
			outputFileListPaths = (
			);
			outputPaths = (
				"$(DERIVED_FILE_DIR)/Pods-Yummie-checkManifestLockResult.txt",
			);
			runOnlyForDeploymentPostprocessing = 0;
			shellPath = /bin/sh;
			shellScript = "diff \"${PODS_PODFILE_DIR_PATH}/Podfile.lock\" \"${PODS_ROOT}/Manifest.lock\" > /dev/null\nif [ $? != 0 ] ; then\n    # print error to STDERR\n    echo \"error: The sandbox is not in sync with the Podfile.lock. Run 'pod install' or update your CocoaPods installation.\" >&2\n    exit 1\nfi\n# This output is used by Xcode 'outputs' to avoid re-running this script phase.\necho \"SUCCESS\" > \"${SCRIPT_OUTPUT_FILE_0}\"\n";
			showEnvVarsInLog = 0;
		};
/* End PBXShellScriptBuildPhase section */

/* Begin PBXSourcesBuildPhase section */
		2E8F3FF826C2D5A500EB7007 /* Sources */ = {
			isa = PBXSourcesBuildPhase;
			buildActionMask = 2147483647;
			files = (
				2EF707B526C97E3100BA563B /* UIViewControllerExtensions.swift in Sources */,
				2EF7078B26C9306000BA563B /* Constants.swift in Sources */,
				2EF7079E26C963FB00BA563B /* SpecialsCollectionViewCell.swift in Sources */,
				2EA14E6526D14ABC006406FD /* Method.swift in Sources */,
				2E75257E26C8FC770013F6A9 /* OnboardingController.swift in Sources */,
				2EEC891526C9B0E20037C58D /* DishesListTableViewCell.swift in Sources */,
				2EFB59F62775F72400DB4465 /* ApiResponse.swift in Sources */,
				2E9ACA4526D3DCC2007BBE31 /* APIResponse.swift in Sources */,
				2EF7078726C92EC200BA563B /* StringExtensions.swift in Sources */,
				2EF7077726C926AC00BA563B /* CategoriesCollectionViewCell.swift in Sources */,
				2EF7079526C94A6700BA563B /* DishesCollectionViewCell.swift in Sources */,
				2EA14E5E26D11EC3006406FD /* NetworkManager.swift in Sources */,
				2E2E3F5B26C91C9E001858DB /* HomeController.swift in Sources */,
				2EA14E5926D0552B006406FD /* OrderModel.swift in Sources */,
				2EF707B226C97BED00BA563B /* DishDetailsController.swift in Sources */,
				2EEC891926C9B5F60037C58D /* DishesListController.swift in Sources */,
				2E1680C226CAAD5400BF8DC4 /* OrdersListController.swift in Sources */,
				2E8F400026C2D5A500EB7007 /* AppDelegate.swift in Sources */,
				2E2E3F4D26C901E1001858DB /* UIViewExtensions.swift in Sources */,
				2EF7079926C94D2F00BA563B /* Dish.swift in Sources */,
				2E8F400226C2D5A500EB7007 /* SceneDelegate.swift in Sources */,
				2E9ACA4A26D3E094007BBE31 /* OnboardingSlideModel.swift in Sources */,
				2EF7077B26C9285500BA563B /* DishCategory.swift in Sources */,
				2EFB59F82776329600DB4465 /* AllDishes.swift in Sources */,
				2EF7079026C93E8600BA563B /* CardView.swift in Sources */,
				2EA14E6226D14AAC006406FD /* Route.swift in Sources */,
				2E9ACA4226D19DAB007BBE31 /* NetworkError.swift in Sources */,
				2E2E3F5526C905EF001858DB /* OnboardingCollectionViewCell.swift in Sources */,
			);
			runOnlyForDeploymentPostprocessing = 0;
		};
/* End PBXSourcesBuildPhase section */

/* Begin PBXVariantGroup section */
		2E8F400526C2D5A500EB7007 /* Main.storyboard */ = {
			isa = PBXVariantGroup;
			children = (
				2E8F400626C2D5A500EB7007 /* Base */,
			);
			name = Main.storyboard;
			sourceTree = "<group>";
		};
		2E8F400A26C2D5A800EB7007 /* LaunchScreen.storyboard */ = {
			isa = PBXVariantGroup;
			children = (
				2E8F400B26C2D5A800EB7007 /* Base */,
			);
			name = LaunchScreen.storyboard;
			sourceTree = "<group>";
		};
/* End PBXVariantGroup section */

/* Begin XCBuildConfiguration section */
		2E8F400E26C2D5A800EB7007 /* Debug */ = {
			isa = XCBuildConfiguration;
			buildSettings = {
				ALWAYS_SEARCH_USER_PATHS = NO;
				CLANG_ANALYZER_NONNULL = YES;
				CLANG_ANALYZER_NUMBER_OBJECT_CONVERSION = YES_AGGRESSIVE;
				CLANG_CXX_LANGUAGE_STANDARD = "gnu++14";
				CLANG_CXX_LIBRARY = "libc++";
				CLANG_ENABLE_MODULES = YES;
				CLANG_ENABLE_OBJC_ARC = YES;
				CLANG_ENABLE_OBJC_WEAK = YES;
				CLANG_WARN_BLOCK_CAPTURE_AUTORELEASING = YES;
				CLANG_WARN_BOOL_CONVERSION = YES;
				CLANG_WARN_COMMA = YES;
				CLANG_WARN_CONSTANT_CONVERSION = YES;
				CLANG_WARN_DEPRECATED_OBJC_IMPLEMENTATIONS = YES;
				CLANG_WARN_DIRECT_OBJC_ISA_USAGE = YES_ERROR;
				CLANG_WARN_DOCUMENTATION_COMMENTS = YES;
				CLANG_WARN_EMPTY_BODY = YES;
				CLANG_WARN_ENUM_CONVERSION = YES;
				CLANG_WARN_INFINITE_RECURSION = YES;
				CLANG_WARN_INT_CONVERSION = YES;
				CLANG_WARN_NON_LITERAL_NULL_CONVERSION = YES;
				CLANG_WARN_OBJC_IMPLICIT_RETAIN_SELF = YES;
				CLANG_WARN_OBJC_LITERAL_CONVERSION = YES;
				CLANG_WARN_OBJC_ROOT_CLASS = YES_ERROR;
				CLANG_WARN_QUOTED_INCLUDE_IN_FRAMEWORK_HEADER = YES;
				CLANG_WARN_RANGE_LOOP_ANALYSIS = YES;
				CLANG_WARN_STRICT_PROTOTYPES = YES;
				CLANG_WARN_SUSPICIOUS_MOVE = YES;
				CLANG_WARN_UNGUARDED_AVAILABILITY = YES_AGGRESSIVE;
				CLANG_WARN_UNREACHABLE_CODE = YES;
				CLANG_WARN__DUPLICATE_METHOD_MATCH = YES;
				COPY_PHASE_STRIP = NO;
				DEBUG_INFORMATION_FORMAT = dwarf;
				ENABLE_STRICT_OBJC_MSGSEND = YES;
				ENABLE_TESTABILITY = YES;
				GCC_C_LANGUAGE_STANDARD = gnu11;
				GCC_DYNAMIC_NO_PIC = NO;
				GCC_NO_COMMON_BLOCKS = YES;
				GCC_OPTIMIZATION_LEVEL = 0;
				GCC_PREPROCESSOR_DEFINITIONS = (
					"DEBUG=1",
					"$(inherited)",
				);
				GCC_WARN_64_TO_32_BIT_CONVERSION = YES;
				GCC_WARN_ABOUT_RETURN_TYPE = YES_ERROR;
				GCC_WARN_UNDECLARED_SELECTOR = YES;
				GCC_WARN_UNINITIALIZED_AUTOS = YES_AGGRESSIVE;
				GCC_WARN_UNUSED_FUNCTION = YES;
				GCC_WARN_UNUSED_VARIABLE = YES;
				IPHONEOS_DEPLOYMENT_TARGET = 14.2;
				MTL_ENABLE_DEBUG_INFO = INCLUDE_SOURCE;
				MTL_FAST_MATH = YES;
				ONLY_ACTIVE_ARCH = YES;
				SDKROOT = iphoneos;
				SWIFT_ACTIVE_COMPILATION_CONDITIONS = DEBUG;
				SWIFT_OPTIMIZATION_LEVEL = "-Onone";
			};
			name = Debug;
		};
		2E8F400F26C2D5A800EB7007 /* Release */ = {
			isa = XCBuildConfiguration;
			buildSettings = {
				ALWAYS_SEARCH_USER_PATHS = NO;
				CLANG_ANALYZER_NONNULL = YES;
				CLANG_ANALYZER_NUMBER_OBJECT_CONVERSION = YES_AGGRESSIVE;
				CLANG_CXX_LANGUAGE_STANDARD = "gnu++14";
				CLANG_CXX_LIBRARY = "libc++";
				CLANG_ENABLE_MODULES = YES;
				CLANG_ENABLE_OBJC_ARC = YES;
				CLANG_ENABLE_OBJC_WEAK = YES;
				CLANG_WARN_BLOCK_CAPTURE_AUTORELEASING = YES;
				CLANG_WARN_BOOL_CONVERSION = YES;
				CLANG_WARN_COMMA = YES;
				CLANG_WARN_CONSTANT_CONVERSION = YES;
				CLANG_WARN_DEPRECATED_OBJC_IMPLEMENTATIONS = YES;
				CLANG_WARN_DIRECT_OBJC_ISA_USAGE = YES_ERROR;
				CLANG_WARN_DOCUMENTATION_COMMENTS = YES;
				CLANG_WARN_EMPTY_BODY = YES;
				CLANG_WARN_ENUM_CONVERSION = YES;
				CLANG_WARN_INFINITE_RECURSION = YES;
				CLANG_WARN_INT_CONVERSION = YES;
				CLANG_WARN_NON_LITERAL_NULL_CONVERSION = YES;
				CLANG_WARN_OBJC_IMPLICIT_RETAIN_SELF = YES;
				CLANG_WARN_OBJC_LITERAL_CONVERSION = YES;
				CLANG_WARN_OBJC_ROOT_CLASS = YES_ERROR;
				CLANG_WARN_QUOTED_INCLUDE_IN_FRAMEWORK_HEADER = YES;
				CLANG_WARN_RANGE_LOOP_ANALYSIS = YES;
				CLANG_WARN_STRICT_PROTOTYPES = YES;
				CLANG_WARN_SUSPICIOUS_MOVE = YES;
				CLANG_WARN_UNGUARDED_AVAILABILITY = YES_AGGRESSIVE;
				CLANG_WARN_UNREACHABLE_CODE = YES;
				CLANG_WARN__DUPLICATE_METHOD_MATCH = YES;
				COPY_PHASE_STRIP = NO;
				DEBUG_INFORMATION_FORMAT = "dwarf-with-dsym";
				ENABLE_NS_ASSERTIONS = NO;
				ENABLE_STRICT_OBJC_MSGSEND = YES;
				GCC_C_LANGUAGE_STANDARD = gnu11;
				GCC_NO_COMMON_BLOCKS = YES;
				GCC_WARN_64_TO_32_BIT_CONVERSION = YES;
				GCC_WARN_ABOUT_RETURN_TYPE = YES_ERROR;
				GCC_WARN_UNDECLARED_SELECTOR = YES;
				GCC_WARN_UNINITIALIZED_AUTOS = YES_AGGRESSIVE;
				GCC_WARN_UNUSED_FUNCTION = YES;
				GCC_WARN_UNUSED_VARIABLE = YES;
				IPHONEOS_DEPLOYMENT_TARGET = 14.2;
				MTL_ENABLE_DEBUG_INFO = NO;
				MTL_FAST_MATH = YES;
				SDKROOT = iphoneos;
				SWIFT_COMPILATION_MODE = wholemodule;
				SWIFT_OPTIMIZATION_LEVEL = "-O";
				VALIDATE_PRODUCT = YES;
			};
			name = Release;
		};
		2E8F401126C2D5A800EB7007 /* Debug */ = {
			isa = XCBuildConfiguration;
			baseConfigurationReference = DF6EEB00FD0CFB08CDFC7F22 /* Pods-Yummie.debug.xcconfig */;
			buildSettings = {
				ASSETCATALOG_COMPILER_APPICON_NAME = AppIcon;
				ASSETCATALOG_COMPILER_GLOBAL_ACCENT_COLOR_NAME = AccentColor;
				CODE_SIGN_STYLE = Automatic;
				DEVELOPMENT_TEAM = U6JX84M9ZS;
				INFOPLIST_FILE = Yummie/Info.plist;
				LD_RUNPATH_SEARCH_PATHS = (
					"$(inherited)",
					"@executable_path/Frameworks",
				);
				PRODUCT_BUNDLE_IDENTIFIER = com.abanoub.Yummie;
				PRODUCT_NAME = "$(TARGET_NAME)";
				SWIFT_VERSION = 5.0;
				TARGETED_DEVICE_FAMILY = "1,2";
			};
			name = Debug;
		};
		2E8F401226C2D5A800EB7007 /* Release */ = {
			isa = XCBuildConfiguration;
			baseConfigurationReference = 192235B228A09A5A73EDC2CC /* Pods-Yummie.release.xcconfig */;
			buildSettings = {
				ASSETCATALOG_COMPILER_APPICON_NAME = AppIcon;
				ASSETCATALOG_COMPILER_GLOBAL_ACCENT_COLOR_NAME = AccentColor;
				CODE_SIGN_STYLE = Automatic;
				DEVELOPMENT_TEAM = U6JX84M9ZS;
				INFOPLIST_FILE = Yummie/Info.plist;
				LD_RUNPATH_SEARCH_PATHS = (
					"$(inherited)",
					"@executable_path/Frameworks",
				);
				PRODUCT_BUNDLE_IDENTIFIER = com.abanoub.Yummie;
				PRODUCT_NAME = "$(TARGET_NAME)";
				SWIFT_VERSION = 5.0;
				TARGETED_DEVICE_FAMILY = "1,2";
			};
			name = Release;
		};
/* End XCBuildConfiguration section */

/* Begin XCConfigurationList section */
		2E8F3FF726C2D5A500EB7007 /* Build configuration list for PBXProject "Yummie" */ = {
			isa = XCConfigurationList;
			buildConfigurations = (
				2E8F400E26C2D5A800EB7007 /* Debug */,
				2E8F400F26C2D5A800EB7007 /* Release */,
			);
			defaultConfigurationIsVisible = 0;
			defaultConfigurationName = Release;
		};
		2E8F401026C2D5A800EB7007 /* Build configuration list for PBXNativeTarget "Yummie" */ = {
			isa = XCConfigurationList;
			buildConfigurations = (
				2E8F401126C2D5A800EB7007 /* Debug */,
				2E8F401226C2D5A800EB7007 /* Release */,
			);
			defaultConfigurationIsVisible = 0;
			defaultConfigurationName = Release;
		};
/* End XCConfigurationList section */
	};
	rootObject = 2E8F3FF426C2D5A500EB7007 /* Project object */;
}
